
Microsoft Visual Studio Solution File, Format Version 12.00
# Visual Studio Version 17
VisualStudioVersion = 17.8.34330.188
MinimumVisualStudioVersion = 10.0.40219.1
Project("{2150E333-8FDC-42A3-9474-1A3956D46DE8}") = "src", "src", "{1F253C40-620E-47A6-A85E-0F7EC1D33D3B}"
EndProject
Project("{2150E333-8FDC-42A3-9474-1A3956D46DE8}") = "deploy", "deploy", "{13ABF460-2024-4387-89C6-9DCE83BF78A6}"
EndProject
Project("{2150E333-8FDC-42A3-9474-1A3956D46DE8}") = "docker", "docker", "{09084241-ABFC-4AB6-933A-78E86D840DF2}"
	ProjectSection(SolutionItems) = preProject
		deploy\docker\docker-compose-local.yml = deploy\docker\docker-compose-local.yml
	EndProjectSection
EndProject
Project("{2150E333-8FDC-42A3-9474-1A3956D46DE8}") = "Presenter", "Presenter", "{467485EE-5951-4388-BE28-C9A08A150FE8}"
EndProject
Project("{2150E333-8FDC-42A3-9474-1A3956D46DE8}") = "Services", "Services", "{B790782A-FF16-4B8A-9993-23CC03C96503}"
EndProject
Project("{2150E333-8FDC-42A3-9474-1A3956D46DE8}") = "Commons", "Commons", "{ADA9D63D-AF53-4AAD-9A3C-49C95B373A36}"
EndProject
Project("{9A19103F-16F7-4668-BE54-9A1E7A4F7556}") = "EF.Core.Commons", "src\Shared\EF.Core.Commons\EF.Core.Commons.csproj", "{782DB0E3-9CF5-49C8-BA7D-7691C66A647A}"
EndProject
Project("{9A19103F-16F7-4668-BE54-9A1E7A4F7556}") = "EF.WebApi.Commons", "src\Shared\EF.WebApi.Commons\EF.WebApi.Commons.csproj", "{D603325F-219B-48D5-ACC3-B84EB95F4AA5}"
EndProject
Project("{9A19103F-16F7-4668-BE54-9A1E7A4F7556}") = "EF.Api", "src\Presentation\EF.Api\EF.Api.csproj", "{05FE6C41-B137-4FF0-8E20-9F5970757F33}"
EndProject
Project("{9A19103F-16F7-4668-BE54-9A1E7A4F7556}") = "EF.Infra.Commons", "src\Shared\EF.Infra.Commons\EF.Infra.Commons.csproj", "{807825CE-FDF9-4BA6-8D4B-5BC22648D672}"
EndProject
Project("{2150E333-8FDC-42A3-9474-1A3956D46DE8}") = "PreparoEntrega", "PreparoEntrega", "{DDF62731-6121-4FF3-BE2C-642F4AE42223}"
EndProject
Project("{9A19103F-16F7-4668-BE54-9A1E7A4F7556}") = "EF.PreparoEntrega.Application", "src\Services\EF.PreparoEntrega.Application\EF.PreparoEntrega.Application.csproj", "{4F521F64-A8DA-4CCB-B078-4DB8DC0B9F04}"
EndProject
Project("{9A19103F-16F7-4668-BE54-9A1E7A4F7556}") = "EF.PreparoEntrega.Domain", "src\Services\EF.PreparoEntrega.Domain\EF.PreparoEntrega.Domain.csproj", "{04938691-AE27-4885-A580-E05D8CFDF648}"
EndProject
Project("{9A19103F-16F7-4668-BE54-9A1E7A4F7556}") = "EF.PreparoEntrega.Infra", "src\Services\EF.PreparoEntrega.Infra\EF.PreparoEntrega.Infra.csproj", "{EEB246A7-0692-4270-B355-F956C50D3986}"
EndProject
Project("{2150E333-8FDC-42A3-9474-1A3956D46DE8}") = "database", "database", "{13BEECA4-7942-4A3A-8F81-41A4D3F73473}"
	ProjectSection(SolutionItems) = preProject
		deploy\database\init.sql = deploy\database\init.sql
	EndProjectSection
EndProject
Project("{2150E333-8FDC-42A3-9474-1A3956D46DE8}") = "test", "test", "{E5060282-598E-4F1D-9B57-5126591CA770}"
EndProject
Project("{2150E333-8FDC-42A3-9474-1A3956D46DE8}") = "Utils", "Utils", "{FB5A6803-6543-4721-9F7D-5B8BB1425447}"
EndProject
Project("{9A19103F-16F7-4668-BE54-9A1E7A4F7556}") = "EF.Test.Utils", "test\Utils\EF.Test.Utils\EF.Test.Utils.csproj", "{70F85DDB-DA01-4B71-948B-9CFE83F2902E}"
EndProject
Project("{2150E333-8FDC-42A3-9474-1A3956D46DE8}") = "Unit", "Unit", "{F79D7859-ADF6-46F8-BA0E-FD9C14677DBA}"
EndProject
Project("{2150E333-8FDC-42A3-9474-1A3956D46DE8}") = "Services", "Services", "{48004629-BB2E-4B28-BE7F-B2B1B2D31E98}"
EndProject
Project("{2150E333-8FDC-42A3-9474-1A3956D46DE8}") = "PreparoEntrega", "PreparoEntrega", "{D9E4B96E-3B3C-47DF-95E4-DC30082CDA38}"
EndProject
Project("{9A19103F-16F7-4668-BE54-9A1E7A4F7556}") = "EF.PreparoEntrega.Domain.Test", "test\Unit\EF.PreparoEntrega.Domain.Test\EF.PreparoEntrega.Domain.Test.csproj", "{795B1F84-FA79-452B-84F6-81417CE67D0E}"
EndProject
Project("{FAE04EC0-301F-11D3-BF4B-00C04F79EFBC}") = "EF.PreparoEntrega.Infra.Test", "test\Unit\EF.PreparoEntrega.Infra.Test\EF.PreparoEntrega.Infra.Test.csproj", "{8635C8AC-992A-4A15-B621-E3FCAEA89899}"
EndProject
Project("{FAE04EC0-301F-11D3-BF4B-00C04F79EFBC}") = "EF.PreparoEntrega.Application.Test", "test\Unit\EF.PreparoEntrega.Application.Test\EF.PreparoEntrega.Application.Test.csproj", "{F7010D1C-35CE-4EBE-A71C-6EB5856B74F3}"
EndProject
Global
	GlobalSection(SolutionConfigurationPlatforms) = preSolution
		Debug|Any CPU = Debug|Any CPU
		Release|Any CPU = Release|Any CPU
	EndGlobalSection
	GlobalSection(ProjectConfigurationPlatforms) = postSolution
		{782DB0E3-9CF5-49C8-BA7D-7691C66A647A}.Debug|Any CPU.ActiveCfg = Debug|Any CPU
		{782DB0E3-9CF5-49C8-BA7D-7691C66A647A}.Debug|Any CPU.Build.0 = Debug|Any CPU
		{782DB0E3-9CF5-49C8-BA7D-7691C66A647A}.Release|Any CPU.ActiveCfg = Release|Any CPU
		{782DB0E3-9CF5-49C8-BA7D-7691C66A647A}.Release|Any CPU.Build.0 = Release|Any CPU
		{D603325F-219B-48D5-ACC3-B84EB95F4AA5}.Debug|Any CPU.ActiveCfg = Debug|Any CPU
		{D603325F-219B-48D5-ACC3-B84EB95F4AA5}.Debug|Any CPU.Build.0 = Debug|Any CPU
		{D603325F-219B-48D5-ACC3-B84EB95F4AA5}.Release|Any CPU.ActiveCfg = Release|Any CPU
		{D603325F-219B-48D5-ACC3-B84EB95F4AA5}.Release|Any CPU.Build.0 = Release|Any CPU
		{05FE6C41-B137-4FF0-8E20-9F5970757F33}.Debug|Any CPU.ActiveCfg = Debug|Any CPU
		{05FE6C41-B137-4FF0-8E20-9F5970757F33}.Debug|Any CPU.Build.0 = Debug|Any CPU
		{05FE6C41-B137-4FF0-8E20-9F5970757F33}.Release|Any CPU.ActiveCfg = Release|Any CPU
		{05FE6C41-B137-4FF0-8E20-9F5970757F33}.Release|Any CPU.Build.0 = Release|Any CPU
		{807825CE-FDF9-4BA6-8D4B-5BC22648D672}.Debug|Any CPU.ActiveCfg = Debug|Any CPU
		{807825CE-FDF9-4BA6-8D4B-5BC22648D672}.Debug|Any CPU.Build.0 = Debug|Any CPU
		{807825CE-FDF9-4BA6-8D4B-5BC22648D672}.Release|Any CPU.ActiveCfg = Release|Any CPU
		{807825CE-FDF9-4BA6-8D4B-5BC22648D672}.Release|Any CPU.Build.0 = Release|Any CPU
		{4F521F64-A8DA-4CCB-B078-4DB8DC0B9F04}.Debug|Any CPU.ActiveCfg = Debug|Any CPU
		{4F521F64-A8DA-4CCB-B078-4DB8DC0B9F04}.Debug|Any CPU.Build.0 = Debug|Any CPU
		{4F521F64-A8DA-4CCB-B078-4DB8DC0B9F04}.Release|Any CPU.ActiveCfg = Release|Any CPU
		{4F521F64-A8DA-4CCB-B078-4DB8DC0B9F04}.Release|Any CPU.Build.0 = Release|Any CPU
		{04938691-AE27-4885-A580-E05D8CFDF648}.Debug|Any CPU.ActiveCfg = Debug|Any CPU
		{04938691-AE27-4885-A580-E05D8CFDF648}.Debug|Any CPU.Build.0 = Debug|Any CPU
		{04938691-AE27-4885-A580-E05D8CFDF648}.Release|Any CPU.ActiveCfg = Release|Any CPU
		{04938691-AE27-4885-A580-E05D8CFDF648}.Release|Any CPU.Build.0 = Release|Any CPU
		{EEB246A7-0692-4270-B355-F956C50D3986}.Debug|Any CPU.ActiveCfg = Debug|Any CPU
		{EEB246A7-0692-4270-B355-F956C50D3986}.Debug|Any CPU.Build.0 = Debug|Any CPU
		{EEB246A7-0692-4270-B355-F956C50D3986}.Release|Any CPU.ActiveCfg = Release|Any CPU
		{EEB246A7-0692-4270-B355-F956C50D3986}.Release|Any CPU.Build.0 = Release|Any CPU
		{70F85DDB-DA01-4B71-948B-9CFE83F2902E}.Debug|Any CPU.ActiveCfg = Debug|Any CPU
		{70F85DDB-DA01-4B71-948B-9CFE83F2902E}.Debug|Any CPU.Build.0 = Debug|Any CPU
		{70F85DDB-DA01-4B71-948B-9CFE83F2902E}.Release|Any CPU.ActiveCfg = Release|Any CPU
		{70F85DDB-DA01-4B71-948B-9CFE83F2902E}.Release|Any CPU.Build.0 = Release|Any CPU
		{795B1F84-FA79-452B-84F6-81417CE67D0E}.Debug|Any CPU.ActiveCfg = Debug|Any CPU
		{795B1F84-FA79-452B-84F6-81417CE67D0E}.Debug|Any CPU.Build.0 = Debug|Any CPU
		{795B1F84-FA79-452B-84F6-81417CE67D0E}.Release|Any CPU.ActiveCfg = Release|Any CPU
		{795B1F84-FA79-452B-84F6-81417CE67D0E}.Release|Any CPU.Build.0 = Release|Any CPU
		{8635C8AC-992A-4A15-B621-E3FCAEA89899}.Debug|Any CPU.ActiveCfg = Debug|Any CPU
		{8635C8AC-992A-4A15-B621-E3FCAEA89899}.Debug|Any CPU.Build.0 = Debug|Any CPU
		{8635C8AC-992A-4A15-B621-E3FCAEA89899}.Release|Any CPU.ActiveCfg = Release|Any CPU
		{8635C8AC-992A-4A15-B621-E3FCAEA89899}.Release|Any CPU.Build.0 = Release|Any CPU
		{F7010D1C-35CE-4EBE-A71C-6EB5856B74F3}.Debug|Any CPU.ActiveCfg = Debug|Any CPU
		{F7010D1C-35CE-4EBE-A71C-6EB5856B74F3}.Debug|Any CPU.Build.0 = Debug|Any CPU
		{F7010D1C-35CE-4EBE-A71C-6EB5856B74F3}.Release|Any CPU.ActiveCfg = Release|Any CPU
		{F7010D1C-35CE-4EBE-A71C-6EB5856B74F3}.Release|Any CPU.Build.0 = Release|Any CPU
	EndGlobalSection
	GlobalSection(SolutionProperties) = preSolution
		HideSolutionNode = FALSE
	EndGlobalSection
	GlobalSection(NestedProjects) = preSolution
		{09084241-ABFC-4AB6-933A-78E86D840DF2} = {13ABF460-2024-4387-89C6-9DCE83BF78A6}
		{467485EE-5951-4388-BE28-C9A08A150FE8} = {1F253C40-620E-47A6-A85E-0F7EC1D33D3B}
		{B790782A-FF16-4B8A-9993-23CC03C96503} = {1F253C40-620E-47A6-A85E-0F7EC1D33D3B}
		{ADA9D63D-AF53-4AAD-9A3C-49C95B373A36} = {1F253C40-620E-47A6-A85E-0F7EC1D33D3B}
		{782DB0E3-9CF5-49C8-BA7D-7691C66A647A} = {ADA9D63D-AF53-4AAD-9A3C-49C95B373A36}
		{D603325F-219B-48D5-ACC3-B84EB95F4AA5} = {ADA9D63D-AF53-4AAD-9A3C-49C95B373A36}
		{05FE6C41-B137-4FF0-8E20-9F5970757F33} = {467485EE-5951-4388-BE28-C9A08A150FE8}
		{807825CE-FDF9-4BA6-8D4B-5BC22648D672} = {ADA9D63D-AF53-4AAD-9A3C-49C95B373A36}
		{DDF62731-6121-4FF3-BE2C-642F4AE42223} = {B790782A-FF16-4B8A-9993-23CC03C96503}
		{4F521F64-A8DA-4CCB-B078-4DB8DC0B9F04} = {DDF62731-6121-4FF3-BE2C-642F4AE42223}
		{04938691-AE27-4885-A580-E05D8CFDF648} = {DDF62731-6121-4FF3-BE2C-642F4AE42223}
		{EEB246A7-0692-4270-B355-F956C50D3986} = {DDF62731-6121-4FF3-BE2C-642F4AE42223}
		{13BEECA4-7942-4A3A-8F81-41A4D3F73473} = {13ABF460-2024-4387-89C6-9DCE83BF78A6}
		{FB5A6803-6543-4721-9F7D-5B8BB1425447} = {E5060282-598E-4F1D-9B57-5126591CA770}
		{70F85DDB-DA01-4B71-948B-9CFE83F2902E} = {FB5A6803-6543-4721-9F7D-5B8BB1425447}
		{F79D7859-ADF6-46F8-BA0E-FD9C14677DBA} = {E5060282-598E-4F1D-9B57-5126591CA770}
		{48004629-BB2E-4B28-BE7F-B2B1B2D31E98} = {F79D7859-ADF6-46F8-BA0E-FD9C14677DBA}
		{D9E4B96E-3B3C-47DF-95E4-DC30082CDA38} = {48004629-BB2E-4B28-BE7F-B2B1B2D31E98}
		{795B1F84-FA79-452B-84F6-81417CE67D0E} = {D9E4B96E-3B3C-47DF-95E4-DC30082CDA38}
		{8635C8AC-992A-4A15-B621-E3FCAEA89899} = {D9E4B96E-3B3C-47DF-95E4-DC30082CDA38}
		{F7010D1C-35CE-4EBE-A71C-6EB5856B74F3} = {D9E4B96E-3B3C-47DF-95E4-DC30082CDA38}
	EndGlobalSection
	GlobalSection(ExtensibilityGlobals) = postSolution
		SolutionGuid = {4EF48A17-2E1D-4950-95B3-8C7206DD4E91}
	EndGlobalSection
EndGlobal
